// !$*UTF8*$!
{
	archiveVersion = 1;
	classes = {
	};
	objectVersion = 46;
	objects = {

/* Begin PBXBuildFile section */
		A48D3AEE1E6D420800BBF5A8 /* AppDelegate.swift in Sources */ = {isa = PBXBuildFile; fileRef = A48D3AED1E6D420800BBF5A8 /* AppDelegate.swift */; };
		A48D3AF01E6D420800BBF5A8 /* ViewController.swift in Sources */ = {isa = PBXBuildFile; fileRef = A48D3AEF1E6D420800BBF5A8 /* ViewController.swift */; };
		A48D3AF31E6D420800BBF5A8 /* Main.storyboard in Resources */ = {isa = PBXBuildFile; fileRef = A48D3AF11E6D420800BBF5A8 /* Main.storyboard */; };
		A48D3AF51E6D420800BBF5A8 /* Assets.xcassets in Resources */ = {isa = PBXBuildFile; fileRef = A48D3AF41E6D420800BBF5A8 /* Assets.xcassets */; };
		A48D3AF81E6D420800BBF5A8 /* LaunchScreen.storyboard in Resources */ = {isa = PBXBuildFile; fileRef = A48D3AF61E6D420800BBF5A8 /* LaunchScreen.storyboard */; };
		A48D3B031E6D420800BBF5A8 /* SettingsTests.swift in Sources */ = {isa = PBXBuildFile; fileRef = A48D3B021E6D420800BBF5A8 /* SettingsTests.swift */; };
		A48D3B0E1E6D420800BBF5A8 /* SettingsUITests.swift in Sources */ = {isa = PBXBuildFile; fileRef = A48D3B0D1E6D420800BBF5A8 /* SettingsUITests.swift */; };
/* End PBXBuildFile section */

/* Begin PBXContainerItemProxy section */
		A48D3AFF1E6D420800BBF5A8 /* PBXContainerItemProxy */ = {
			isa = PBXContainerItemProxy;
			containerPortal = A48D3AE21E6D420800BBF5A8 /* Project object */;
			proxyType = 1;
			remoteGlobalIDString = A48D3AE91E6D420800BBF5A8;
			remoteInfo = Settings;
		};
		A48D3B0A1E6D420800BBF5A8 /* PBXContainerItemProxy */ = {
			isa = PBXContainerItemProxy;
			containerPortal = A48D3AE21E6D420800BBF5A8 /* Project object */;
			proxyType = 1;
			remoteGlobalIDString = A48D3AE91E6D420800BBF5A8;
			remoteInfo = Settings;
		};
/* End PBXContainerItemProxy section */

/* Begin PBXFileReference section */
		A48D3AEA1E6D420800BBF5A8 /* Settings.app */ = {isa = PBXFileReference; explicitFileType = wrapper.application; includeInIndex = 0; path = Settings.app; sourceTree = BUILT_PRODUCTS_DIR; };
		A48D3AED1E6D420800BBF5A8 /* AppDelegate.swift */ = {isa = PBXFileReference; lastKnownFileType = sourcecode.swift; path = AppDelegate.swift; sourceTree = "<group>"; };
		A48D3AEF1E6D420800BBF5A8 /* ViewController.swift */ = {isa = PBXFileReference; lastKnownFileType = sourcecode.swift; path = ViewController.swift; sourceTree = "<group>"; };
		A48D3AF21E6D420800BBF5A8 /* Base */ = {isa = PBXFileReference; lastKnownFileType = file.storyboard; name = Base; path = Base.lproj/Main.storyboard; sourceTree = "<group>"; };
		A48D3AF41E6D420800BBF5A8 /* Assets.xcassets */ = {isa = PBXFileReference; lastKnownFileType = folder.assetcatalog; path = Assets.xcassets; sourceTree = "<group>"; };
		A48D3AF71E6D420800BBF5A8 /* Base */ = {isa = PBXFileReference; lastKnownFileType = file.storyboard; name = Base; path = Base.lproj/LaunchScreen.storyboard; sourceTree = "<group>"; };
		A48D3AF91E6D420800BBF5A8 /* Info.plist */ = {isa = PBXFileReference; lastKnownFileType = text.plist.xml; path = Info.plist; sourceTree = "<group>"; };
		A48D3AFE1E6D420800BBF5A8 /* SettingsTests.xctest */ = {isa = PBXFileReference; explicitFileType = wrapper.cfbundle; includeInIndex = 0; path = SettingsTests.xctest; sourceTree = BUILT_PRODUCTS_DIR; };
		A48D3B021E6D420800BBF5A8 /* SettingsTests.swift */ = {isa = PBXFileReference; lastKnownFileType = sourcecode.swift; path = SettingsTests.swift; sourceTree = "<group>"; };
		A48D3B041E6D420800BBF5A8 /* Info.plist */ = {isa = PBXFileReference; lastKnownFileType = text.plist.xml; path = Info.plist; sourceTree = "<group>"; };
		A48D3B091E6D420800BBF5A8 /* SettingsUITests.xctest */ = {isa = PBXFileReference; explicitFileType = wrapper.cfbundle; includeInIndex = 0; path = SettingsUITests.xctest; sourceTree = BUILT_PRODUCTS_DIR; };
		A48D3B0D1E6D420800BBF5A8 /* SettingsUITests.swift */ = {isa = PBXFileReference; lastKnownFileType = sourcecode.swift; path = SettingsUITests.swift; sourceTree = "<group>"; };
		A48D3B0F1E6D420800BBF5A8 /* Info.plist */ = {isa = PBXFileReference; lastKnownFileType = text.plist.xml; path = Info.plist; sourceTree = "<group>"; };
/* End PBXFileReference section */

/* Begin PBXFrameworksBuildPhase section */
		A48D3AE71E6D420800BBF5A8 /* Frameworks */ = {
			isa = PBXFrameworksBuildPhase;
			buildActionMask = 2147483647;
			files = (
			);
			runOnlyForDeploymentPostprocessing = 0;
		};
		A48D3AFB1E6D420800BBF5A8 /* Frameworks */ = {
			isa = PBXFrameworksBuildPhase;
			buildActionMask = 2147483647;
			files = (
			);
			runOnlyForDeploymentPostprocessing = 0;
		};
		A48D3B061E6D420800BBF5A8 /* Frameworks */ = {
			isa = PBXFrameworksBuildPhase;
			buildActionMask = 2147483647;
			files = (
			);
			runOnlyForDeploymentPostprocessing = 0;
		};
/* End PBXFrameworksBuildPhase section */

/* Begin PBXGroup section */
		A48D3AE11E6D420800BBF5A8 = {
			isa = PBXGroup;
			children = (
				A48D3AEC1E6D420800BBF5A8 /* Settings */,
				A48D3B011E6D420800BBF5A8 /* SettingsTests */,
				A48D3B0C1E6D420800BBF5A8 /* SettingsUITests */,
				A48D3AEB1E6D420800BBF5A8 /* Products */,
			);
			sourceTree = "<group>";
		};
		A48D3AEB1E6D420800BBF5A8 /* Products */ = {
			isa = PBXGroup;
			children = (
				A48D3AEA1E6D420800BBF5A8 /* Settings.app */,
				A48D3AFE1E6D420800BBF5A8 /* SettingsTests.xctest */,
				A48D3B091E6D420800BBF5A8 /* SettingsUITests.xctest */,
			);
			name = Products;
			sourceTree = "<group>";
		};
		A48D3AEC1E6D420800BBF5A8 /* Settings */ = {
			isa = PBXGroup;
			children = (
				A48D3AED1E6D420800BBF5A8 /* AppDelegate.swift */,
				A48D3AEF1E6D420800BBF5A8 /* ViewController.swift */,
				A48D3AF11E6D420800BBF5A8 /* Main.storyboard */,
				A48D3AF41E6D420800BBF5A8 /* Assets.xcassets */,
				A48D3AF61E6D420800BBF5A8 /* LaunchScreen.storyboard */,
				A48D3AF91E6D420800BBF5A8 /* Info.plist */,
			);
			path = Settings;
			sourceTree = "<group>";
		};
		A48D3B011E6D420800BBF5A8 /* SettingsTests */ = {
			isa = PBXGroup;
			children = (
				A48D3B021E6D420800BBF5A8 /* SettingsTests.swift */,
				A48D3B041E6D420800BBF5A8 /* Info.plist */,
			);
			path = SettingsTests;
			sourceTree = "<group>";
		};
		A48D3B0C1E6D420800BBF5A8 /* SettingsUITests */ = {
			isa = PBXGroup;
			children = (
				A48D3B0D1E6D420800BBF5A8 /* SettingsUITests.swift */,
				A48D3B0F1E6D420800BBF5A8 /* Info.plist */,
			);
			path = SettingsUITests;
			sourceTree = "<group>";
		};
/* End PBXGroup section */

/* Begin PBXNativeTarget section */
		A48D3AE91E6D420800BBF5A8 /* Settings */ = {
			isa = PBXNativeTarget;
			buildConfigurationList = A48D3B121E6D420800BBF5A8 /* Build configuration list for PBXNativeTarget "Settings" */;
			buildPhases = (
				A48D3AE61E6D420800BBF5A8 /* Sources */,
				A48D3AE71E6D420800BBF5A8 /* Frameworks */,
				A48D3AE81E6D420800BBF5A8 /* Resources */,
			);
			buildRules = (
			);
			dependencies = (
			);
			name = Settings;
			productName = Settings;
			productReference = A48D3AEA1E6D420800BBF5A8 /* Settings.app */;
			productType = "com.apple.product-type.application";
		};
		A48D3AFD1E6D420800BBF5A8 /* SettingsTests */ = {
			isa = PBXNativeTarget;
			buildConfigurationList = A48D3B151E6D420800BBF5A8 /* Build configuration list for PBXNativeTarget "SettingsTests" */;
			buildPhases = (
				A48D3AFA1E6D420800BBF5A8 /* Sources */,
				A48D3AFB1E6D420800BBF5A8 /* Frameworks */,
				A48D3AFC1E6D420800BBF5A8 /* Resources */,
			);
			buildRules = (
			);
			dependencies = (
				A48D3B001E6D420800BBF5A8 /* PBXTargetDependency */,
			);
			name = SettingsTests;
			productName = SettingsTests;
			productReference = A48D3AFE1E6D420800BBF5A8 /* SettingsTests.xctest */;
			productType = "com.apple.product-type.bundle.unit-test";
		};
		A48D3B081E6D420800BBF5A8 /* SettingsUITests */ = {
			isa = PBXNativeTarget;
			buildConfigurationList = A48D3B181E6D420800BBF5A8 /* Build configuration list for PBXNativeTarget "SettingsUITests" */;
			buildPhases = (
				A48D3B051E6D420800BBF5A8 /* Sources */,
				A48D3B061E6D420800BBF5A8 /* Frameworks */,
				A48D3B071E6D420800BBF5A8 /* Resources */,
			);
			buildRules = (
			);
			dependencies = (
				A48D3B0B1E6D420800BBF5A8 /* PBXTargetDependency */,
			);
			name = SettingsUITests;
			productName = SettingsUITests;
			productReference = A48D3B091E6D420800BBF5A8 /* SettingsUITests.xctest */;
			productType = "com.apple.product-type.bundle.ui-testing";
		};
/* End PBXNativeTarget section */

/* Begin PBXProject section */
		A48D3AE21E6D420800BBF5A8 /* Project object */ = {
			isa = PBXProject;
			attributes = {
				LastSwiftUpdateCheck = 0800;
				LastUpgradeCheck = 0800;
				ORGANIZATIONNAME = jackli;
				TargetAttributes = {
					A48D3AE91E6D420800BBF5A8 = {
						CreatedOnToolsVersion = 8.0;
						ProvisioningStyle = Automatic;
					};
					A48D3AFD1E6D420800BBF5A8 = {
						CreatedOnToolsVersion = 8.0;
						ProvisioningStyle = Automatic;
						TestTargetID = A48D3AE91E6D420800BBF5A8;
					};
					A48D3B081E6D420800BBF5A8 = {
						CreatedOnToolsVersion = 8.0;
						ProvisioningStyle = Automatic;
						TestTargetID = A48D3AE91E6D420800BBF5A8;
					};
				};
			};
			buildConfigurationList = A48D3AE51E6D420800BBF5A8 /* Build configuration list for PBXProject "Settings" */;
			compatibilityVersion = "Xcode 3.2";
			developmentRegion = English;
			hasScannedForEncodings = 0;
			knownRegions = (
				en,
				Base,
			);
			mainGroup = A48D3AE11E6D420800BBF5A8;
			productRefGroup = A48D3AEB1E6D420800BBF5A8 /* Products */;
			projectDirPath = "";
			projectRoot = "";
			targets = (
				A48D3AE91E6D420800BBF5A8 /* Settings */,
				A48D3AFD1E6D420800BBF5A8 /* SettingsTests */,
				A48D3B081E6D420800BBF5A8 /* SettingsUITests */,
			);
		};
/* End PBXProject section */

/* Begin PBXResourcesBuildPhase section */
		A48D3AE81E6D420800BBF5A8 /* Resources */ = {
			isa = PBXResourcesBuildPhase;
			buildActionMask = 2147483647;
			files = (
				A48D3AF81E6D420800BBF5A8 /* LaunchScreen.storyboard in Resources */,
				A48D3AF51E6D420800BBF5A8 /* Assets.xcassets in Resources */,
				A48D3AF31E6D420800BBF5A8 /* Main.storyboard in Resources */,
			);
			runOnlyForDeploymentPostprocessing = 0;
		};
		A48D3AFC1E6D420800BBF5A8 /* Resources */ = {
			isa = PBXResourcesBuildPhase;
			buildActionMask = 2147483647;
			files = (
			);
			runOnlyForDeploymentPostprocessing = 0;
		};
		A48D3B071E6D420800BBF5A8 /* Resources */ = {
			isa = PBXResourcesBuildPhase;
			buildActionMask = 2147483647;
			files = (
			);
			runOnlyForDeploymentPostprocessing = 0;
		};
/* End PBXResourcesBuildPhase section */

/* Begin PBXSourcesBuildPhase section */
		A48D3AE61E6D420800BBF5A8 /* Sources */ = {
			isa = PBXSourcesBuildPhase;
			buildActionMask = 2147483647;
			files = (
				A48D3AF01E6D420800BBF5A8 /* ViewController.swift in Sources */,
				A48D3AEE1E6D420800BBF5A8 /* AppDelegate.swift in Sources */,
			);
			runOnlyForDeploymentPostprocessing = 0;
		};
		A48D3AFA1E6D420800BBF5A8 /* Sources */ = {
			isa = PBXSourcesBuildPhase;
			buildActionMask = 2147483647;
			files = (
				A48D3B031E6D420800BBF5A8 /* SettingsTests.swift in Sources */,
			);
			runOnlyForDeploymentPostprocessing = 0;
		};
		A48D3B051E6D420800BBF5A8 /* Sources */ = {
			isa = PBXSourcesBuildPhase;
			buildActionMask = 2147483647;
			files = (
				A48D3B0E1E6D420800BBF5A8 /* SettingsUITests.swift in Sources */,
			);
			runOnlyForDeploymentPostprocessing = 0;
		};
/* End PBXSourcesBuildPhase section */

/* Begin PBXTargetDependency section */
		A48D3B001E6D420800BBF5A8 /* PBXTargetDependency */ = {
			isa = PBXTargetDependency;
			target = A48D3AE91E6D420800BBF5A8 /* Settings */;
			targetProxy = A48D3AFF1E6D420800BBF5A8 /* PBXContainerItemProxy */;
		};
		A48D3B0B1E6D420800BBF5A8 /* PBXTargetDependency */ = {
			isa = PBXTargetDependency;
			target = A48D3AE91E6D420800BBF5A8 /* Settings */;
			targetProxy = A48D3B0A1E6D420800BBF5A8 /* PBXContainerItemProxy */;
		};
/* End PBXTargetDependency section */

/* Begin PBXVariantGroup section */
		A48D3AF11E6D420800BBF5A8 /* Main.storyboard */ = {
			isa = PBXVariantGroup;
			children = (
				A48D3AF21E6D420800BBF5A8 /* Base */,
			);
			name = Main.storyboard;
			sourceTree = "<group>";
		};
		A48D3AF61E6D420800BBF5A8 /* LaunchScreen.storyboard */ = {
			isa = PBXVariantGroup;
			children = (
				A48D3AF71E6D420800BBF5A8 /* Base */,
			);
			name = LaunchScreen.storyboard;
			sourceTree = "<group>";
		};
/* End PBXVariantGroup section */

/* Begin XCBuildConfiguration section */
		A48D3B101E6D420800BBF5A8 /* Debug */ = {
			isa = XCBuildConfiguration;
			buildSettings = {
				ALWAYS_SEARCH_USER_PATHS = NO;
				CLANG_ANALYZER_NONNULL = YES;
				CLANG_CXX_LANGUAGE_STANDARD = "gnu++0x";
				CLANG_CXX_LIBRARY = "libc++";
				CLANG_ENABLE_MODULES = YES;
				CLANG_ENABLE_OBJC_ARC = YES;
				CLANG_WARN_BOOL_CONVERSION = YES;
				CLANG_WARN_CONSTANT_CONVERSION = YES;
				CLANG_WARN_DIRECT_OBJC_ISA_USAGE = YES_ERROR;
				CLANG_WARN_DOCUMENTATION_COMMENTS = YES;
				CLANG_WARN_EMPTY_BODY = YES;
				CLANG_WARN_ENUM_CONVERSION = YES;
				CLANG_WARN_INFINITE_RECURSION = YES;
				CLANG_WARN_INT_CONVERSION = YES;
				CLANG_WARN_OBJC_ROOT_CLASS = YES_ERROR;
				CLANG_WARN_SUSPICIOUS_MOVES = YES;
				CLANG_WARN_UNREACHABLE_CODE = YES;
				CLANG_WARN__DUPLICATE_METHOD_MATCH = YES;
				"CODE_SIGN_IDENTITY[sdk=iphoneos*]" = "iPhone Developer";
				COPY_PHASE_STRIP = NO;
				DEBUG_INFORMATION_FORMAT = dwarf;
				ENABLE_STRICT_OBJC_MSGSEND = YES;
				ENABLE_TESTABILITY = YES;
				GCC_C_LANGUAGE_STANDARD = gnu99;
				GCC_DYNAMIC_NO_PIC = NO;
				GCC_NO_COMMON_BLOCKS = YES;
				GCC_OPTIMIZATION_LEVEL = 0;
				GCC_PREPROCESSOR_DEFINITIONS = (
					"DEBUG=1",
					"$(inherited)",
				);
				GCC_WARN_64_TO_32_BIT_CONVERSION = YES;
				GCC_WARN_ABOUT_RETURN_TYPE = YES_ERROR;
				GCC_WARN_UNDECLARED_SELECTOR = YES;
				GCC_WARN_UNINITIALIZED_AUTOS = YES_AGGRESSIVE;
				GCC_WARN_UNUSED_FUNCTION = YES;
				GCC_WARN_UNUSED_VARIABLE = YES;
				IPHONEOS_DEPLOYMENT_TARGET = 10.0;
				MTL_ENABLE_DEBUG_INFO = YES;
				ONLY_ACTIVE_ARCH = YES;
				SDKROOT = iphoneos;
				SWIFT_ACTIVE_COMPILATION_CONDITIONS = DEBUG;
				SWIFT_OPTIMIZATION_LEVEL = "-Onone";
				TARGETED_DEVICE_FAMILY = "1,2";
			};
			name = Debug;
		};
		A48D3B111E6D420800BBF5A8 /* Release */ = {
			isa = XCBuildConfiguration;
			buildSettings = {
				ALWAYS_SEARCH_USER_PATHS = NO;
				CLANG_ANALYZER_NONNULL = YES;
				CLANG_CXX_LANGUAGE_STANDARD = "gnu++0x";
				CLANG_CXX_LIBRARY = "libc++";
				CLANG_ENABLE_MODULES = YES;
				CLANG_ENABLE_OBJC_ARC = YES;
				CLANG_WARN_BOOL_CONVERSION = YES;
				CLANG_WARN_CONSTANT_CONVERSION = YES;
				CLANG_WARN_DIRECT_OBJC_ISA_USAGE = YES_ERROR;
				CLANG_WARN_DOCUMENTATION_COMMENTS = YES;
				CLANG_WARN_EMPTY_BODY = YES;
				CLANG_WARN_ENUM_CONVERSION = YES;
				CLANG_WARN_INFINITE_RECURSION = YES;
				CLANG_WARN_INT_CONVERSION = YES;
				CLANG_WARN_OBJC_ROOT_CLASS = YES_ERROR;
				CLANG_WARN_SUSPICIOUS_MOVES = YES;
				CLANG_WARN_UNREACHABLE_CODE = YES;
				CLANG_WARN__DUPLICATE_METHOD_MATCH = YES;
				"CODE_SIGN_IDENTITY[sdk=iphoneos*]" = "iPhone Developer";
				COPY_PHASE_STRIP = NO;
				DEBUG_INFORMATION_FORMAT = "dwarf-with-dsym";
				ENABLE_NS_ASSERTIONS = NO;
				ENABLE_STRICT_OBJC_MSGSEND = YES;
				GCC_C_LANGUAGE_STANDARD = gnu99;
				GCC_NO_COMMON_BLOCKS = YES;
				GCC_WARN_64_TO_32_BIT_CONVERSION = YES;
				GCC_WARN_ABOUT_RETURN_TYPE = YES_ERROR;
				GCC_WARN_UNDECLARED_SELECTOR = YES;
				GCC_WARN_UNINITIALIZED_AUTOS = YES_AGGRESSIVE;
				GCC_WARN_UNUSED_FUNCTION = YES;
				GCC_WARN_UNUSED_VARIABLE = YES;
				IPHONEOS_DEPLOYMENT_TARGET = 10.0;
				MTL_ENABLE_DEBUG_INFO = NO;
				SDKROOT = iphoneos;
				SWIFT_OPTIMIZATION_LEVEL = "-Owholemodule";
				TARGETED_DEVICE_FAMILY = "1,2";
				VALIDATE_PRODUCT = YES;
			};
			name = Release;
		};
		A48D3B131E6D420800BBF5A8 /* Debug */ = {
			isa = XCBuildConfiguration;
			buildSettings = {
				ASSETCATALOG_COMPILER_APPICON_NAME = AppIcon;
				INFOPLIST_FILE = Settings/Info.plist;
				LD_RUNPATH_SEARCH_PATHS = "$(inherited) @executable_path/Frameworks";
				PRODUCT_BUNDLE_IDENTIFIER = xxx.com.Settings;
				PRODUCT_NAME = "$(TARGET_NAME)";
				SWIFT_VERSION = 3.0;
			};
			name = Debug;
		};
		A48D3B141E6D420800BBF5A8 /* Release */ = {
			isa = XCBuildConfiguration;
			buildSettings = {
				ASSETCATALOG_COMPILER_APPICON_NAME = AppIcon;
				INFOPLIST_FILE = Settings/Info.plist;
				LD_RUNPATH_SEARCH_PATHS = "$(inherited) @executable_path/Frameworks";
				PRODUCT_BUNDLE_IDENTIFIER = xxx.com.Settings;
				PRODUCT_NAME = "$(TARGET_NAME)";
				SWIFT_VERSION = 3.0;
			};
			name = Release;
		};
		A48D3B161E6D420800BBF5A8 /* Debug */ = {
			isa = XCBuildConfiguration;
			buildSettings = {
				ALWAYS_EMBED_SWIFT_STANDARD_LIBRARIES = YES;
				BUNDLE_LOADER = "$(TEST_HOST)";
				INFOPLIST_FILE = SettingsTests/Info.plist;
				LD_RUNPATH_SEARCH_PATHS = "$(inherited) @executable_path/Frameworks @loader_path/Frameworks";
				PRODUCT_BUNDLE_IDENTIFIER = xxx.com.SettingsTests;
				PRODUCT_NAME = "$(TARGET_NAME)";
				SWIFT_VERSION = 3.0;
				TEST_HOST = "$(BUILT_PRODUCTS_DIR)/Settings.app/Settings";
			};
			name = Debug;
		};
		A48D3B171E6D420800BBF5A8 /* Release */ = {
			isa = XCBuildConfiguration;
			buildSettings = {
				ALWAYS_EMBED_SWIFT_STANDARD_LIBRARIES = YES;
				BUNDLE_LOADER = "$(TEST_HOST)";
				INFOPLIST_FILE = SettingsTests/Info.plist;
				LD_RUNPATH_SEARCH_PATHS = "$(inherited) @executable_path/Frameworks @loader_path/Frameworks";
				PRODUCT_BUNDLE_IDENTIFIER = xxx.com.SettingsTests;
				PRODUCT_NAME = "$(TARGET_NAME)";
				SWIFT_VERSION = 3.0;
				TEST_HOST = "$(BUILT_PRODUCTS_DIR)/Settings.app/Settings";
			};
			name = Release;
		};
		A48D3B191E6D420800BBF5A8 /* Debug */ = {
			isa = XCBuildConfiguration;
			buildSettings = {
				ALWAYS_EMBED_SWIFT_STANDARD_LIBRARIES = YES;
				INFOPLIST_FILE = SettingsUITests/Info.plist;
				LD_RUNPATH_SEARCH_PATHS = "$(inherited) @executable_path/Frameworks @loader_path/Frameworks";
				PRODUCT_BUNDLE_IDENTIFIER = xxx.com.SettingsUITests;
				PRODUCT_NAME = "$(TARGET_NAME)";
				SWIFT_VERSION = 3.0;
				TEST_TARGET_NAME = Settings;
			};
			name = Debug;
		};
		A48D3B1A1E6D420800BBF5A8 /* Release */ = {
			isa = XCBuildConfiguration;
			buildSettings = {
				ALWAYS_EMBED_SWIFT_STANDARD_LIBRARIES = YES;
				INFOPLIST_FILE = SettingsUITests/Info.plist;
				LD_RUNPATH_SEARCH_PATHS = "$(inherited) @executable_path/Frameworks @loader_path/Frameworks";
				PRODUCT_BUNDLE_IDENTIFIER = xxx.com.SettingsUITests;
				PRODUCT_NAME = "$(TARGET_NAME)";
				SWIFT_VERSION = 3.0;
				TEST_TARGET_NAME = Settings;
			};
			name = Release;
		};
/* End XCBuildConfiguration section */

/* Begin XCConfigurationList section */
		A48D3AE51E6D420800BBF5A8 /* Build configuration list for PBXProject "Settings" */ = {
			isa = XCConfigurationList;
			buildConfigurations = (
				A48D3B101E6D420800BBF5A8 /* Debug */,
				A48D3B111E6D420800BBF5A8 /* Release */,
			);
			defaultConfigurationIsVisible = 0;
			defaultConfigurationName = Release;
		};
		A48D3B121E6D420800BBF5A8 /* Build configuration list for PBXNativeTarget "Settings" */ = {
			isa = XCConfigurationList;
			buildConfigurations = (
				A48D3B131E6D420800BBF5A8 /* Debug */,
				A48D3B141E6D420800BBF5A8 /* Release */,
			);
			defaultConfigurationIsVisible = 0;
		};
		A48D3B151E6D420800BBF5A8 /* Build configuration list for PBXNativeTarget "SettingsTests" */ = {
			isa = XCConfigurationList;
			buildConfigurations = (
				A48D3B161E6D420800BBF5A8 /* Debug */,
				A48D3B171E6D420800BBF5A8 /* Release */,
			);
			defaultConfigurationIsVisible = 0;
		};
		A48D3B181E6D420800BBF5A8 /* Build configuration list for PBXNativeTarget "SettingsUITests" */ = {
			isa = XCConfigurationList;
			buildConfigurations = (
				A48D3B191E6D420800BBF5A8 /* Debug */,
				A48D3B1A1E6D420800BBF5A8 /* Release */,
			);
			defaultConfigurationIsVisible = 0;
		};
/* End XCConfigurationList section */
	};
	rootObject = A48D3AE21E6D420800BBF5A8 /* Project object */;
}
